// !$*UTF8*$!
{
	archiveVersion = 1;
	classes = {
	};
	objectVersion = 44;
	objects = {

/* Begin PBXFileReference section */
		DE946D500E1E226100121946 /* saprc99_Monitor.h */ = {isa = PBXFileReference; fileEncoding = 4; lastKnownFileType = sourcecode.c.h; path = saprc99_Monitor.h; sourceTree = "<group>"; };
		DE946D510E1E226100121946 /* common.h */ = {isa = PBXFileReference; fileEncoding = 4; lastKnownFileType = sourcecode.c.h; path = common.h; sourceTree = "<group>"; };
		DE946D520E1E226100121946 /* saprc99_Monitor.c */ = {isa = PBXFileReference; fileEncoding = 4; lastKnownFileType = sourcecode.c.c; path = saprc99_Monitor.c; sourceTree = "<group>"; };
		DE946D530E1E226100121946 /* timer.h */ = {isa = PBXFileReference; fileEncoding = 4; lastKnownFileType = sourcecode.c.h; path = timer.h; sourceTree = "<group>"; };
		DE946D540E1E226100121946 /* timer.c */ = {isa = PBXFileReference; fileEncoding = 4; lastKnownFileType = sourcecode.c.c; path = timer.c; sourceTree = "<group>"; };
		DE946D560E1E226100121946 /* precision.h */ = {isa = PBXFileReference; fileEncoding = 4; lastKnownFileType = sourcecode.c.h; path = precision.h; sourceTree = "<group>"; };
		DE946D580E1E226100121946 /* saprc99_Parameters.h */ = {isa = PBXFileReference; fileEncoding = 4; lastKnownFileType = sourcecode.c.h; path = saprc99_Parameters.h; sourceTree = "<group>"; };
		DE946D590E1E226100121946 /* params.h */ = {isa = PBXFileReference; fileEncoding = 4; lastKnownFileType = sourcecode.c.h; path = params.h; sourceTree = "<group>"; };
		DE946D5D0E1E226100121946 /* Makefile */ = {isa = PBXFileReference; fileEncoding = 4; lastKnownFileType = sourcecode.make; path = Makefile; sourceTree = "<group>"; };
		DE946D5E0E1E226100121946 /* Makefile.defs */ = {isa = PBXFileReference; fileEncoding = 4; lastKnownFileType = sourcecode.mig; path = Makefile.defs; sourceTree = "<group>"; };
		DE946D600E1E226100121946 /* saprc99_Initialize.c */ = {isa = PBXFileReference; fileEncoding = 4; lastKnownFileType = sourcecode.c.c; path = saprc99_Initialize.c; sourceTree = "<group>"; };
		DE946D610E1E226100121946 /* memory.c */ = {isa = PBXFileReference; fileEncoding = 4; lastKnownFileType = sourcecode.c.c; path = memory.c; sourceTree = "<group>"; };
		DE946D620E1E226100121946 /* fileio.h */ = {isa = PBXFileReference; fileEncoding = 4; lastKnownFileType = sourcecode.c.h; path = fileio.h; sourceTree = "<group>"; };
		DE946D630E1E226100121946 /* fileio.c */ = {isa = PBXFileReference; fileEncoding = 4; lastKnownFileType = sourcecode.c.c; path = fileio.c; sourceTree = "<group>"; };
		DE946D640E1E226100121946 /* Makefile */ = {isa = PBXFileReference; fileEncoding = 4; lastKnownFileType = sourcecode.make; path = Makefile; sourceTree = "<group>"; };
		DE946D650E1E226100121946 /* spe_pthread.c */ = {isa = PBXFileReference; fileEncoding = 4; lastKnownFileType = sourcecode.c.c; path = spe_pthread.c; sourceTree = "<group>"; };
		DE946D660E1E226100121946 /* memory.h */ = {isa = PBXFileReference; fileEncoding = 4; lastKnownFileType = sourcecode.c.h; path = memory.h; sourceTree = "<group>"; };
		DE946D670E1E226100121946 /* fixedgrid.c */ = {isa = PBXFileReference; fileEncoding = 4; lastKnownFileType = sourcecode.c.c; path = fixedgrid.c; sourceTree = "<group>"; };
		DE946D680E1E226100121946 /* spe_pthread.h */ = {isa = PBXFileReference; fileEncoding = 4; lastKnownFileType = sourcecode.c.h; path = spe_pthread.h; sourceTree = "<group>"; };
		DE946D690E1E226100121946 /* fixedgrid.h */ = {isa = PBXFileReference; fileEncoding = 4; lastKnownFileType = sourcecode.c.h; path = fixedgrid.h; sourceTree = "<group>"; };
		DE946D6A0E1E226100121946 /* README */ = {isa = PBXFileReference; fileEncoding = 4; lastKnownFileType = text; path = README; sourceTree = "<group>"; };
		DE946D6C0E1E226100121946 /* transport.c */ = {isa = PBXFileReference; fileEncoding = 4; lastKnownFileType = sourcecode.c.c; path = transport.c; sourceTree = "<group>"; };
		DE946D6D0E1E226100121946 /* discretize.h */ = {isa = PBXFileReference; fileEncoding = 4; lastKnownFileType = sourcecode.c.h; path = discretize.h; sourceTree = "<group>"; };
		DE946D6E0E1E226100121946 /* discretize.c */ = {isa = PBXFileReference; fileEncoding = 4; lastKnownFileType = sourcecode.c.c; path = discretize.c; sourceTree = "<group>"; };
		DE946D6F0E1E226100121946 /* fixedgrid_spu.h */ = {isa = PBXFileReference; fileEncoding = 4; lastKnownFileType = sourcecode.c.h; path = fixedgrid_spu.h; sourceTree = "<group>"; };
		DE946D700E1E226100121946 /* Makefile */ = {isa = PBXFileReference; fileEncoding = 4; lastKnownFileType = sourcecode.make; path = Makefile; sourceTree = "<group>"; };
		DE946D710E1E226100121946 /* chemistry.h */ = {isa = PBXFileReference; fileEncoding = 4; lastKnownFileType = sourcecode.c.h; path = chemistry.h; sourceTree = "<group>"; };
		DE946D720E1E226100121946 /* transport.h */ = {isa = PBXFileReference; fileEncoding = 4; lastKnownFileType = sourcecode.c.h; path = transport.h; sourceTree = "<group>"; };
		DE946D740E1E226100121946 /* saprc99_Function.c */ = {isa = PBXFileReference; fileEncoding = 4; lastKnownFileType = sourcecode.c.c; path = saprc99_Function.c; sourceTree = "<group>"; };
		DE946D750E1E226100121946 /* saprc99_Rates.c */ = {isa = PBXFileReference; fileEncoding = 4; lastKnownFileType = sourcecode.c.c; path = saprc99_Rates.c; sourceTree = "<group>"; };
		DE946D760E1E226100121946 /* saprc99_JacobianSP.c */ = {isa = PBXFileReference; fileEncoding = 4; lastKnownFileType = sourcecode.c.c; path = saprc99_JacobianSP.c; sourceTree = "<group>"; };
		DE946D770E1E226100121946 /* saprc99_Global.h */ = {isa = PBXFileReference; fileEncoding = 4; lastKnownFileType = sourcecode.c.h; path = saprc99_Global.h; sourceTree = "<group>"; };
		DE946D780E1E226100121946 /* saprc99_LinearAlgebra.c */ = {isa = PBXFileReference; fileEncoding = 4; lastKnownFileType = sourcecode.c.c; path = saprc99_LinearAlgebra.c; sourceTree = "<group>"; };
		DE946D790E1E226100121946 /* saprc99_Integrator.c */ = {isa = PBXFileReference; fileEncoding = 4; lastKnownFileType = sourcecode.c.c; path = saprc99_Integrator.c; sourceTree = "<group>"; };
		DE946D7A0E1E226100121946 /* saprc99_Jacobian.c */ = {isa = PBXFileReference; fileEncoding = 4; lastKnownFileType = sourcecode.c.c; path = saprc99_Jacobian.c; sourceTree = "<group>"; };
		DE946D7B0E1E226100121946 /* saprc99_Sparse.h */ = {isa = PBXFileReference; fileEncoding = 4; lastKnownFileType = sourcecode.c.h; path = saprc99_Sparse.h; sourceTree = "<group>"; };
		DE946D7C0E1E226100121946 /* fixedgrid_spu.c */ = {isa = PBXFileReference; fileEncoding = 4; lastKnownFileType = sourcecode.c.c; path = fixedgrid_spu.c; sourceTree = "<group>"; };
		DE946D7D0E1E226100121946 /* chemistry.c */ = {isa = PBXFileReference; fileEncoding = 4; lastKnownFileType = sourcecode.c.c; path = chemistry.c; sourceTree = "<group>"; };
/* End PBXFileReference section */

/* Begin PBXGroup section */
		08FB7794FE84155DC02AAC07 /* fixedgrid */ = {
			isa = PBXGroup;
			children = (
				DE946D5D0E1E226100121946 /* Makefile */,
				DE946D5E0E1E226100121946 /* Makefile.defs */,
				DE946D6A0E1E226100121946 /* README */,
				DE946D4F0E1E226100121946 /* common */,
				DE946D550E1E226100121946 /* config */,
				DE946D5F0E1E226100121946 /* ppu */,
				DE946D6B0E1E226100121946 /* spu */,
			);
			name = fixedgrid;
			sourceTree = "<group>";
		};
		DE946D4F0E1E226100121946 /* common */ = {
			isa = PBXGroup;
			children = (
				DE946D510E1E226100121946 /* common.h */,
				DE946D500E1E226100121946 /* saprc99_Monitor.h */,
				DE946D520E1E226100121946 /* saprc99_Monitor.c */,
				DE946D530E1E226100121946 /* timer.h */,
				DE946D540E1E226100121946 /* timer.c */,
			);
			path = common;
			sourceTree = "<group>";
		};
		DE946D550E1E226100121946 /* config */ = {
			isa = PBXGroup;
			children = (
				DE946D590E1E226100121946 /* params.h */,
				DE946D560E1E226100121946 /* precision.h */,
				DE946D580E1E226100121946 /* saprc99_Parameters.h */,
			);
			path = config;
			sourceTree = "<group>";
		};
		DE946D5F0E1E226100121946 /* ppu */ = {
			isa = PBXGroup;
			children = (
				DE946D640E1E226100121946 /* Makefile */,
				DE946D620E1E226100121946 /* fileio.h */,
				DE946D630E1E226100121946 /* fileio.c */,
				DE946D690E1E226100121946 /* fixedgrid.h */,
				DE946D670E1E226100121946 /* fixedgrid.c */,
				DE946D660E1E226100121946 /* memory.h */,
				DE946D610E1E226100121946 /* memory.c */,
				DE946D600E1E226100121946 /* saprc99_Initialize.c */,
				DE946D650E1E226100121946 /* spe_pthread.c */,
				DE946D680E1E226100121946 /* spe_pthread.h */,
			);
			path = ppu;
			sourceTree = "<group>";
		};
		DE946D6B0E1E226100121946 /* spu */ = {
			isa = PBXGroup;
			children = (
				DE946D730E1E226100121946 /* saprc99 */,
				DE946D700E1E226100121946 /* Makefile */,
				DE946D710E1E226100121946 /* chemistry.h */,
				DE946D7D0E1E226100121946 /* chemistry.c */,
				DE946D6D0E1E226100121946 /* discretize.h */,
				DE946D6E0E1E226100121946 /* discretize.c */,
				DE946D6F0E1E226100121946 /* fixedgrid_spu.h */,
				DE946D7C0E1E226100121946 /* fixedgrid_spu.c */,
				DE946D6C0E1E226100121946 /* transport.c */,
				DE946D720E1E226100121946 /* transport.h */,
			);
			path = spu;
			sourceTree = "<group>";
		};
		DE946D730E1E226100121946 /* saprc99 */ = {
			isa = PBXGroup;
			children = (
				DE946D740E1E226100121946 /* saprc99_Function.c */,
				DE946D750E1E226100121946 /* saprc99_Rates.c */,
				DE946D760E1E226100121946 /* saprc99_JacobianSP.c */,
				DE946D770E1E226100121946 /* saprc99_Global.h */,
				DE946D780E1E226100121946 /* saprc99_LinearAlgebra.c */,
				DE946D790E1E226100121946 /* saprc99_Integrator.c */,
				DE946D7A0E1E226100121946 /* saprc99_Jacobian.c */,
				DE946D7B0E1E226100121946 /* saprc99_Sparse.h */,
			);
			path = saprc99;
			sourceTree = "<group>";
		};
/* End PBXGroup section */

/* Begin PBXProject section */
		08FB7793FE84155DC02AAC07 /* Project object */ = {
			isa = PBXProject;
			buildConfigurationList = 1DEB919308733D9F0010E9CD /* Build configuration list for PBXProject "fixedgrid" */;
			compatibilityVersion = "Xcode 3.0";
			hasScannedForEncodings = 1;
			mainGroup = 08FB7794FE84155DC02AAC07 /* fixedgrid */;
			projectDirPath = "";
			projectRoot = "";
			targets = (
			);
		};
/* End PBXProject section */

/* Begin XCBuildConfiguration section */
		1DEB919408733D9F0010E9CD /* Debug */ = {
			isa = XCBuildConfiguration;
			buildSettings = {
				GCC_WARN_ABOUT_RETURN_TYPE = YES;
				GCC_WARN_UNUSED_VARIABLE = YES;
				PREBINDING = NO;
				SDKROOT = "$(DEVELOPER_SDK_DIR)/MacOSX10.5.sdk";
			};
			name = Debug;
		};
		1DEB919508733D9F0010E9CD /* Release */ = {
			isa = XCBuildConfiguration;
			buildSettings = {
				ARCHS = (
					ppc,
					i386,
				);
				GCC_WARN_ABOUT_RETURN_TYPE = YES;
				GCC_WARN_UNUSED_VARIABLE = YES;
				PREBINDING = NO;
				SDKROOT = "$(DEVELOPER_SDK_DIR)/MacOSX10.5.sdk";
			};
			name = Release;
		};
/* End XCBuildConfiguration section */

/* Begin XCConfigurationList section */
		1DEB919308733D9F0010E9CD /* Build configuration list for PBXProject "fixedgrid" */ = {
			isa = XCConfigurationList;
			buildConfigurations = (
				1DEB919408733D9F0010E9CD /* Debug */,
				1DEB919508733D9F0010E9CD /* Release */,
			);
			defaultConfigurationIsVisible = 0;
			defaultConfigurationName = Release;
		};
/* End XCConfigurationList section */
	};
	rootObject = 08FB7793FE84155DC02AAC07 /* Project object */;
}
