// !$*UTF8*$!
{
	archiveVersion = 1;
	classes = {
	};
	objectVersion = 44;
	objects = {

/* Begin PBXFileReference section */
		DE0883760E221C2800E1D804 /* chemistry.c */ = {isa = PBXFileReference; fileEncoding = 4; lastKnownFileType = sourcecode.c.c; path = chemistry.c; sourceTree = "<group>"; };
		DE0883780E221C2800E1D804 /* precision.h */ = {isa = PBXFileReference; fileEncoding = 4; lastKnownFileType = sourcecode.c.h; path = precision.h; sourceTree = "<group>"; };
		DE08837A0E221C2800E1D804 /* saprc99_Parameters.h */ = {isa = PBXFileReference; fileEncoding = 4; lastKnownFileType = sourcecode.c.h; path = saprc99_Parameters.h; sourceTree = "<group>"; };
		DE08837B0E221C2800E1D804 /* params.h */ = {isa = PBXFileReference; fileEncoding = 4; lastKnownFileType = sourcecode.c.h; path = params.h; sourceTree = "<group>"; };
		DE08837F0E221C2800E1D804 /* README */ = {isa = PBXFileReference; fileEncoding = 4; lastKnownFileType = text; path = README; sourceTree = "<group>"; };
		DE0883800E221C2800E1D804 /* transport.c */ = {isa = PBXFileReference; fileEncoding = 4; lastKnownFileType = sourcecode.c.c; path = transport.c; sourceTree = "<group>"; };
		DE0883810E221C2800E1D804 /* discretize.c */ = {isa = PBXFileReference; fileEncoding = 4; lastKnownFileType = sourcecode.c.c; path = discretize.c; sourceTree = "<group>"; };
		DE0883820E221C2800E1D804 /* discretize.h */ = {isa = PBXFileReference; fileEncoding = 4; lastKnownFileType = sourcecode.c.h; path = discretize.h; sourceTree = "<group>"; };
		DE0883830E221C2800E1D804 /* transport.h */ = {isa = PBXFileReference; fileEncoding = 4; lastKnownFileType = sourcecode.c.h; path = transport.h; sourceTree = "<group>"; };
		DE0883840E221C2800E1D804 /* fixedgrid.h */ = {isa = PBXFileReference; fileEncoding = 4; lastKnownFileType = sourcecode.c.h; path = fixedgrid.h; sourceTree = "<group>"; };
		DE0883850E221C2800E1D804 /* fixedgrid.c */ = {isa = PBXFileReference; fileEncoding = 4; lastKnownFileType = sourcecode.c.c; path = fixedgrid.c; sourceTree = "<group>"; };
		DE0883870E221C2800E1D804 /* fileio.h */ = {isa = PBXFileReference; fileEncoding = 4; lastKnownFileType = sourcecode.c.h; path = fileio.h; sourceTree = "<group>"; };
		DE0883880E221C2800E1D804 /* fileio.c */ = {isa = PBXFileReference; fileEncoding = 4; lastKnownFileType = sourcecode.c.c; path = fileio.c; sourceTree = "<group>"; };
		DE0883890E221C2800E1D804 /* timer.h */ = {isa = PBXFileReference; fileEncoding = 4; lastKnownFileType = sourcecode.c.h; path = timer.h; sourceTree = "<group>"; };
		DE08838A0E221C2800E1D804 /* timer.c */ = {isa = PBXFileReference; fileEncoding = 4; lastKnownFileType = sourcecode.c.c; path = timer.c; sourceTree = "<group>"; };
		DE08838B0E221C2800E1D804 /* chemistry.h */ = {isa = PBXFileReference; fileEncoding = 4; lastKnownFileType = sourcecode.c.h; path = chemistry.h; sourceTree = "<group>"; };
		DE08838C0E221C2800E1D804 /* Makefile */ = {isa = PBXFileReference; fileEncoding = 4; lastKnownFileType = sourcecode.make; path = Makefile; sourceTree = "<group>"; };
		DE08838E0E221C2800E1D804 /* saprc99_Initialize.c */ = {isa = PBXFileReference; fileEncoding = 4; lastKnownFileType = sourcecode.c.c; path = saprc99_Initialize.c; sourceTree = "<group>"; };
		DE08838F0E221C2800E1D804 /* saprc99_Function.c */ = {isa = PBXFileReference; fileEncoding = 4; lastKnownFileType = sourcecode.c.c; path = saprc99_Function.c; sourceTree = "<group>"; };
		DE0883900E221C2800E1D804 /* saprc99_Rates.c */ = {isa = PBXFileReference; fileEncoding = 4; lastKnownFileType = sourcecode.c.c; path = saprc99_Rates.c; sourceTree = "<group>"; };
		DE0883910E221C2800E1D804 /* saprc99_JacobianSP.c */ = {isa = PBXFileReference; fileEncoding = 4; lastKnownFileType = sourcecode.c.c; path = saprc99_JacobianSP.c; sourceTree = "<group>"; };
		DE0883920E221C2800E1D804 /* saprc99_Global.h */ = {isa = PBXFileReference; fileEncoding = 4; lastKnownFileType = sourcecode.c.h; path = saprc99_Global.h; sourceTree = "<group>"; };
		DE0883930E221C2800E1D804 /* saprc99_Monitor.h */ = {isa = PBXFileReference; fileEncoding = 4; lastKnownFileType = sourcecode.c.h; path = saprc99_Monitor.h; sourceTree = "<group>"; };
		DE0883940E221C2800E1D804 /* saprc99_Monitor.c */ = {isa = PBXFileReference; fileEncoding = 4; lastKnownFileType = sourcecode.c.c; path = saprc99_Monitor.c; sourceTree = "<group>"; };
		DE0883950E221C2800E1D804 /* saprc99_LinearAlgebra.c */ = {isa = PBXFileReference; fileEncoding = 4; lastKnownFileType = sourcecode.c.c; path = saprc99_LinearAlgebra.c; sourceTree = "<group>"; };
		DE0883960E221C2800E1D804 /* saprc99_Integrator.c */ = {isa = PBXFileReference; fileEncoding = 4; lastKnownFileType = sourcecode.c.c; path = saprc99_Integrator.c; sourceTree = "<group>"; };
		DE0883970E221C2800E1D804 /* saprc99_Jacobian.c */ = {isa = PBXFileReference; fileEncoding = 4; lastKnownFileType = sourcecode.c.c; path = saprc99_Jacobian.c; sourceTree = "<group>"; };
		DE0883980E221C2800E1D804 /* saprc99.kpp */ = {isa = PBXFileReference; fileEncoding = 4; lastKnownFileType = text; path = saprc99.kpp; sourceTree = "<group>"; };
		DE0883990E221C2800E1D804 /* saprc99_Sparse.h */ = {isa = PBXFileReference; fileEncoding = 4; lastKnownFileType = sourcecode.c.h; path = saprc99_Sparse.h; sourceTree = "<group>"; };
/* End PBXFileReference section */

/* Begin PBXGroup section */
		08FB7794FE84155DC02AAC07 /* fixedgrid */ = {
			isa = PBXGroup;
			children = (
				DE08837F0E221C2800E1D804 /* README */,
				DE08838C0E221C2800E1D804 /* Makefile */,
				DE08838D0E221C2800E1D804 /* chem */,
				DE0883770E221C2800E1D804 /* config */,
				DE0883860E221C2800E1D804 /* util */,
				DE08838B0E221C2800E1D804 /* chemistry.h */,
				DE0883760E221C2800E1D804 /* chemistry.c */,
				DE0883820E221C2800E1D804 /* discretize.h */,
				DE0883810E221C2800E1D804 /* discretize.c */,
				DE0883840E221C2800E1D804 /* fixedgrid.h */,
				DE0883850E221C2800E1D804 /* fixedgrid.c */,
				DE0883830E221C2800E1D804 /* transport.h */,
				DE0883800E221C2800E1D804 /* transport.c */,
			);
			name = fixedgrid;
			sourceTree = "<group>";
		};
		DE0883770E221C2800E1D804 /* config */ = {
			isa = PBXGroup;
			children = (
				DE08837B0E221C2800E1D804 /* params.h */,
				DE0883780E221C2800E1D804 /* precision.h */,
				DE08837A0E221C2800E1D804 /* saprc99_Parameters.h */,
			);
			path = config;
			sourceTree = "<group>";
		};
		DE0883860E221C2800E1D804 /* util */ = {
			isa = PBXGroup;
			children = (
				DE0883870E221C2800E1D804 /* fileio.h */,
				DE0883880E221C2800E1D804 /* fileio.c */,
				DE0883890E221C2800E1D804 /* timer.h */,
				DE08838A0E221C2800E1D804 /* timer.c */,
			);
			path = util;
			sourceTree = "<group>";
		};
		DE08838D0E221C2800E1D804 /* chem */ = {
			isa = PBXGroup;
			children = (
				DE08838E0E221C2800E1D804 /* saprc99_Initialize.c */,
				DE08838F0E221C2800E1D804 /* saprc99_Function.c */,
				DE0883900E221C2800E1D804 /* saprc99_Rates.c */,
				DE0883910E221C2800E1D804 /* saprc99_JacobianSP.c */,
				DE0883920E221C2800E1D804 /* saprc99_Global.h */,
				DE0883930E221C2800E1D804 /* saprc99_Monitor.h */,
				DE0883940E221C2800E1D804 /* saprc99_Monitor.c */,
				DE0883950E221C2800E1D804 /* saprc99_LinearAlgebra.c */,
				DE0883960E221C2800E1D804 /* saprc99_Integrator.c */,
				DE0883970E221C2800E1D804 /* saprc99_Jacobian.c */,
				DE0883980E221C2800E1D804 /* saprc99.kpp */,
				DE0883990E221C2800E1D804 /* saprc99_Sparse.h */,
			);
			path = chem;
			sourceTree = "<group>";
		};
/* End PBXGroup section */

/* Begin PBXLegacyTarget section */
		D28A88AD04BDD90700651E21 /* fixedgrid */ = {
			isa = PBXLegacyTarget;
			buildArgumentsString = "$(ACTION)";
			buildConfigurationList = 1DEB918F08733D9F0010E9CD /* Build configuration list for PBXLegacyTarget "fixedgrid" */;
			buildPhases = (
			);
			buildToolPath = /usr/bin/make;
			buildWorkingDirectory = /Users/jlinford/workspace/fixedgrid_3d/serial/trunk;
			dependencies = (
			);
			name = fixedgrid;
			passBuildSettingsInEnvironment = 1;
			productName = fixedgrid;
		};
/* End PBXLegacyTarget section */

/* Begin PBXProject section */
		08FB7793FE84155DC02AAC07 /* Project object */ = {
			isa = PBXProject;
			buildConfigurationList = 1DEB919308733D9F0010E9CD /* Build configuration list for PBXProject "fixedgrid" */;
			compatibilityVersion = "Xcode 3.0";
			hasScannedForEncodings = 1;
			mainGroup = 08FB7794FE84155DC02AAC07 /* fixedgrid */;
			projectDirPath = "";
			projectRoot = "";
			targets = (
				D28A88AD04BDD90700651E21 /* fixedgrid */,
			);
		};
/* End PBXProject section */

/* Begin XCBuildConfiguration section */
		1DEB919008733D9F0010E9CD /* Debug */ = {
			isa = XCBuildConfiguration;
			buildSettings = {
				COPY_PHASE_STRIP = NO;
				DEBUGGING_SYMBOLS = YES;
				GCC_DYNAMIC_NO_PIC = NO;
				GCC_ENABLE_FIX_AND_CONTINUE = YES;
				GCC_GENERATE_DEBUGGING_SYMBOLS = YES;
				GCC_OPTIMIZATION_LEVEL = 0;
				OPTIMIZATION_CFLAGS = "-O0";
				OTHER_CFLAGS = "";
				OTHER_LDFLAGS = "";
				PRODUCT_NAME = fixedgrid;
				ZERO_LINK = YES;
			};
			name = Debug;
		};
		1DEB919108733D9F0010E9CD /* Release */ = {
			isa = XCBuildConfiguration;
			buildSettings = {
				COPY_PHASE_STRIP = YES;
				GCC_ENABLE_FIX_AND_CONTINUE = NO;
				OTHER_CFLAGS = "";
				OTHER_LDFLAGS = "";
				PRODUCT_NAME = fixedgrid;
				ZERO_LINK = NO;
			};
			name = Release;
		};
		1DEB919408733D9F0010E9CD /* Debug */ = {
			isa = XCBuildConfiguration;
			buildSettings = {
				GCC_WARN_ABOUT_RETURN_TYPE = YES;
				GCC_WARN_UNUSED_VARIABLE = YES;
				PREBINDING = NO;
				SDKROOT = "$(DEVELOPER_SDK_DIR)/MacOSX10.5.sdk";
			};
			name = Debug;
		};
		1DEB919508733D9F0010E9CD /* Release */ = {
			isa = XCBuildConfiguration;
			buildSettings = {
				ARCHS = (
					ppc,
					i386,
				);
				GCC_WARN_ABOUT_RETURN_TYPE = YES;
				GCC_WARN_UNUSED_VARIABLE = YES;
				PREBINDING = NO;
				SDKROOT = "$(DEVELOPER_SDK_DIR)/MacOSX10.5.sdk";
			};
			name = Release;
		};
/* End XCBuildConfiguration section */

/* Begin XCConfigurationList section */
		1DEB918F08733D9F0010E9CD /* Build configuration list for PBXLegacyTarget "fixedgrid" */ = {
			isa = XCConfigurationList;
			buildConfigurations = (
				1DEB919008733D9F0010E9CD /* Debug */,
				1DEB919108733D9F0010E9CD /* Release */,
			);
			defaultConfigurationIsVisible = 0;
			defaultConfigurationName = Release;
		};
		1DEB919308733D9F0010E9CD /* Build configuration list for PBXProject "fixedgrid" */ = {
			isa = XCConfigurationList;
			buildConfigurations = (
				1DEB919408733D9F0010E9CD /* Debug */,
				1DEB919508733D9F0010E9CD /* Release */,
			);
			defaultConfigurationIsVisible = 0;
			defaultConfigurationName = Release;
		};
/* End XCConfigurationList section */
	};
	rootObject = 08FB7793FE84155DC02AAC07 /* Project object */;
}
